// !$*UTF8*$!
{
	archiveVersion = 1;
	classes = {
	};
	objectVersion = 77;
	objects = {

/* Begin PBXContainerItemProxy section */
		374DD9F22E4F7425004BA0CA /* PBXContainerItemProxy */ = {
			isa = PBXContainerItemProxy;
			containerPortal = 374DD9DC2E4F7423004BA0CA /* Project object */;
			proxyType = 1;
			remoteGlobalIDString = 374DD9E32E4F7423004BA0CA;
			remoteInfo = remoteApp;
		};
		374DD9FC2E4F7425004BA0CA /* PBXContainerItemProxy */ = {
			isa = PBXContainerItemProxy;
			containerPortal = 374DD9DC2E4F7423004BA0CA /* Project object */;
			proxyType = 1;
			remoteGlobalIDString = 374DD9E32E4F7423004BA0CA;
			remoteInfo = remoteApp;
		};
/* End PBXContainerItemProxy section */

/* Begin PBXFileReference section */
		374DD9E42E4F7423004BA0CA /* remoteApp.app */ = {isa = PBXFileReference; explicitFileType = wrapper.application; includeInIndex = 0; path = remoteApp.app; sourceTree = BUILT_PRODUCTS_DIR; };
		374DD9F12E4F7425004BA0CA /* remoteAppTests.xctest */ = {isa = PBXFileReference; explicitFileType = wrapper.cfbundle; includeInIndex = 0; path = remoteAppTests.xctest; sourceTree = BUILT_PRODUCTS_DIR; };
		374DD9FB2E4F7425004BA0CA /* remoteAppUITests.xctest */ = {isa = PBXFileReference; explicitFileType = wrapper.cfbundle; includeInIndex = 0; path = remoteAppUITests.xctest; sourceTree = BUILT_PRODUCTS_DIR; };
/* End PBXFileReference section */

/* Begin PBXFileSystemSynchronizedRootGroup section */
		374DD9E62E4F7423004BA0CA /* remoteApp */ = {
			isa = PBXFileSystemSynchronizedRootGroup;
			path = remoteApp;
			sourceTree = "<group>";
		};
		374DD9F42E4F7425004BA0CA /* remoteAppTests */ = {
			isa = PBXFileSystemSynchronizedRootGroup;
			path = remoteAppTests;
			sourceTree = "<group>";
		};
		374DD9FE2E4F7425004BA0CA /* remoteAppUITests */ = {
			isa = PBXFileSystemSynchronizedRootGroup;
			path = remoteAppUITests;
			sourceTree = "<group>";
		};
/* End PBXFileSystemSynchronizedRootGroup section */

/* Begin PBXFrameworksBuildPhase section */
		374DD9E12E4F7423004BA0CA /* Frameworks */ = {
			isa = PBXFrameworksBuildPhase;
			buildActionMask = 2147483647;
			files = (
			);
			runOnlyForDeploymentPostprocessing = 0;
		};
		374DD9EE2E4F7425004BA0CA /* Frameworks */ = {
			isa = PBXFrameworksBuildPhase;
			buildActionMask = 2147483647;
			files = (
			);
			runOnlyForDeploymentPostprocessing = 0;
		};
		374DD9F82E4F7425004BA0CA /* Frameworks */ = {
			isa = PBXFrameworksBuildPhase;
			buildActionMask = 2147483647;
			files = (
			);
			runOnlyForDeploymentPostprocessing = 0;
		};
/* End PBXFrameworksBuildPhase section */

/* Begin PBXGroup section */
		374DD9DB2E4F7423004BA0CA = {
			isa = PBXGroup;
			children = (
				374DD9E62E4F7423004BA0CA /* remoteApp */,
				374DD9F42E4F7425004BA0CA /* remoteAppTests */,
				374DD9FE2E4F7425004BA0CA /* remoteAppUITests */,
				374DD9E52E4F7423004BA0CA /* Products */,
			);
			sourceTree = "<group>";
		};
		374DD9E52E4F7423004BA0CA /* Products */ = {
			isa = PBXGroup;
			children = (
				374DD9E42E4F7423004BA0CA /* remoteApp.app */,
				374DD9F12E4F7425004BA0CA /* remoteAppTests.xctest */,
				374DD9FB2E4F7425004BA0CA /* remoteAppUITests.xctest */,
			);
			name = Products;
			sourceTree = "<group>";
		};
/* End PBXGroup section */

/* Begin PBXNativeTarget section */
		374DD9E32E4F7423004BA0CA /* remoteApp */ = {
			isa = PBXNativeTarget;
			buildConfigurationList = 374DDA052E4F7425004BA0CA /* Build configuration list for PBXNativeTarget "remoteApp" */;
			buildPhases = (
				374DD9E02E4F7423004BA0CA /* Sources */,
				374DD9E12E4F7423004BA0CA /* Frameworks */,
				374DD9E22E4F7423004BA0CA /* Resources */,
			);
			buildRules = (
			);
			dependencies = (
			);
			fileSystemSynchronizedGroups = (
				374DD9E62E4F7423004BA0CA /* remoteApp */,
			);
			name = remoteApp;
			packageProductDependencies = (
			);
			productName = remoteApp;
			productReference = 374DD9E42E4F7423004BA0CA /* remoteApp.app */;
			productType = "com.apple.product-type.application";
		};
		374DD9F02E4F7425004BA0CA /* remoteAppTests */ = {
			isa = PBXNativeTarget;
			buildConfigurationList = 374DDA082E4F7425004BA0CA /* Build configuration list for PBXNativeTarget "remoteAppTests" */;
			buildPhases = (
				374DD9ED2E4F7425004BA0CA /* Sources */,
				374DD9EE2E4F7425004BA0CA /* Frameworks */,
				374DD9EF2E4F7425004BA0CA /* Resources */,
			);
			buildRules = (
			);
			dependencies = (
				374DD9F32E4F7425004BA0CA /* PBXTargetDependency */,
			);
			fileSystemSynchronizedGroups = (
				374DD9F42E4F7425004BA0CA /* remoteAppTests */,
			);
			name = remoteAppTests;
			packageProductDependencies = (
			);
			productName = remoteAppTests;
			productReference = 374DD9F12E4F7425004BA0CA /* remoteAppTests.xctest */;
			productType = "com.apple.product-type.bundle.unit-test";
		};
		374DD9FA2E4F7425004BA0CA /* remoteAppUITests */ = {
			isa = PBXNativeTarget;
			buildConfigurationList = 374DDA0B2E4F7425004BA0CA /* Build configuration list for PBXNativeTarget "remoteAppUITests" */;
			buildPhases = (
				374DD9F72E4F7425004BA0CA /* Sources */,
				374DD9F82E4F7425004BA0CA /* Frameworks */,
				374DD9F92E4F7425004BA0CA /* Resources */,
			);
			buildRules = (
			);
			dependencies = (
				374DD9FD2E4F7425004BA0CA /* PBXTargetDependency */,
			);
			fileSystemSynchronizedGroups = (
				374DD9FE2E4F7425004BA0CA /* remoteAppUITests */,
			);
			name = remoteAppUITests;
			packageProductDependencies = (
			);
			productName = remoteAppUITests;
			productReference = 374DD9FB2E4F7425004BA0CA /* remoteAppUITests.xctest */;
			productType = "com.apple.product-type.bundle.ui-testing";
		};
/* End PBXNativeTarget section */

/* Begin PBXProject section */
		374DD9DC2E4F7423004BA0CA /* Project object */ = {
			isa = PBXProject;
			attributes = {
				BuildIndependentTargetsInParallel = 1;
				LastSwiftUpdateCheck = 1640;
				LastUpgradeCheck = 1640;
				TargetAttributes = {
					374DD9E32E4F7423004BA0CA = {
						CreatedOnToolsVersion = 16.4;
					};
					374DD9F02E4F7425004BA0CA = {
						CreatedOnToolsVersion = 16.4;
						TestTargetID = 374DD9E32E4F7423004BA0CA;
					};
					374DD9FA2E4F7425004BA0CA = {
						CreatedOnToolsVersion = 16.4;
						TestTargetID = 374DD9E32E4F7423004BA0CA;
					};
				};
			};
			buildConfigurationList = 374DD9DF2E4F7423004BA0CA /* Build configuration list for PBXProject "remoteApp" */;
			developmentRegion = en;
			hasScannedForEncodings = 0;
			knownRegions = (
				en,
				Base,
			);
			mainGroup = 374DD9DB2E4F7423004BA0CA;
			minimizedProjectReferenceProxies = 1;
			preferredProjectObjectVersion = 77;
			productRefGroup = 374DD9E52E4F7423004BA0CA /* Products */;
			projectDirPath = "";
			projectRoot = "";
			targets = (
				374DD9E32E4F7423004BA0CA /* remoteApp */,
				374DD9F02E4F7425004BA0CA /* remoteAppTests */,
				374DD9FA2E4F7425004BA0CA /* remoteAppUITests */,
			);
		};
/* End PBXProject section */

/* Begin PBXResourcesBuildPhase section */
		374DD9E22E4F7423004BA0CA /* Resources */ = {
			isa = PBXResourcesBuildPhase;
			buildActionMask = 2147483647;
			files = (
			);
			runOnlyForDeploymentPostprocessing = 0;
		};
		374DD9EF2E4F7425004BA0CA /* Resources */ = {
			isa = PBXResourcesBuildPhase;
			buildActionMask = 2147483647;
			files = (
			);
			runOnlyForDeploymentPostprocessing = 0;
		};
		374DD9F92E4F7425004BA0CA /* Resources */ = {
			isa = PBXResourcesBuildPhase;
			buildActionMask = 2147483647;
			files = (
			);
			runOnlyForDeploymentPostprocessing = 0;
		};
/* End PBXResourcesBuildPhase section */

/* Begin PBXSourcesBuildPhase section */
		374DD9E02E4F7423004BA0CA /* Sources */ = {
			isa = PBXSourcesBuildPhase;
			buildActionMask = 2147483647;
			files = (
			);
			runOnlyForDeploymentPostprocessing = 0;
		};
		374DD9ED2E4F7425004BA0CA /* Sources */ = {
			isa = PBXSourcesBuildPhase;
			buildActionMask = 2147483647;
			files = (
			);
			runOnlyForDeploymentPostprocessing = 0;
		};
		374DD9F72E4F7425004BA0CA /* Sources */ = {
			isa = PBXSourcesBuildPhase;
			buildActionMask = 2147483647;
			files = (
			);
			runOnlyForDeploymentPostprocessing = 0;
		};
/* End PBXSourcesBuildPhase section */

/* Begin PBXTargetDependency section */
		374DD9F32E4F7425004BA0CA /* PBXTargetDependency */ = {
			isa = PBXTargetDependency;
			target = 374DD9E32E4F7423004BA0CA /* remoteApp */;
			targetProxy = 374DD9F22E4F7425004BA0CA /* PBXContainerItemProxy */;
		};
		374DD9FD2E4F7425004BA0CA /* PBXTargetDependency */ = {
			isa = PBXTargetDependency;
			target = 374DD9E32E4F7423004BA0CA /* remoteApp */;
			targetProxy = 374DD9FC2E4F7425004BA0CA /* PBXContainerItemProxy */;
		};
/* End PBXTargetDependency section */

/* Begin XCBuildConfiguration section */
		374DDA032E4F7425004BA0CA /* Debug */ = {
			isa = XCBuildConfiguration;
			buildSettings = {
				ALWAYS_SEARCH_USER_PATHS = NO;
				ASSETCATALOG_COMPILER_GENERATE_SWIFT_ASSET_SYMBOL_EXTENSIONS = YES;
				CLANG_ANALYZER_NONNULL = YES;
				CLANG_ANALYZER_NUMBER_OBJECT_CONVERSION = YES_AGGRESSIVE;
				CLANG_CXX_LANGUAGE_STANDARD = "gnu++20";
				CLANG_ENABLE_MODULES = YES;
				CLANG_ENABLE_OBJC_ARC = YES;
				CLANG_ENABLE_OBJC_WEAK = YES;
				CLANG_WARN_BLOCK_CAPTURE_AUTORELEASING = YES;
				CLANG_WARN_BOOL_CONVERSION = YES;
				CLANG_WARN_COMMA = YES;
				CLANG_WARN_CONSTANT_CONVERSION = YES;
				CLANG_WARN_DEPRECATED_OBJC_IMPLEMENTATIONS = YES;
				CLANG_WARN_DIRECT_OBJC_ISA_USAGE = YES_ERROR;
				CLANG_WARN_DOCUMENTATION_COMMENTS = YES;
				CLANG_WARN_EMPTY_BODY = YES;
				CLANG_WARN_ENUM_CONVERSION = YES;
				CLANG_WARN_INFINITE_RECURSION = YES;
				CLANG_WARN_INT_CONVERSION = YES;
				CLANG_WARN_NON_LITERAL_NULL_CONVERSION = YES;
				CLANG_WARN_OBJC_IMPLICIT_RETAIN_SELF = YES;
				CLANG_WARN_OBJC_LITERAL_CONVERSION = YES;
				CLANG_WARN_OBJC_ROOT_CLASS = YES_ERROR;
				CLANG_WARN_QUOTED_INCLUDE_IN_FRAMEWORK_HEADER = YES;
				CLANG_WARN_RANGE_LOOP_ANALYSIS = YES;
				CLANG_WARN_STRICT_PROTOTYPES = YES;
				CLANG_WARN_SUSPICIOUS_MOVE = YES;
				CLANG_WARN_UNGUARDED_AVAILABILITY = YES_AGGRESSIVE;
				CLANG_WARN_UNREACHABLE_CODE = YES;
				CLANG_WARN__DUPLICATE_METHOD_MATCH = YES;
				COPY_PHASE_STRIP = NO;
				DEBUG_INFORMATION_FORMAT = dwarf;
				ENABLE_STRICT_OBJC_MSGSEND = YES;
				ENABLE_TESTABILITY = YES;
				ENABLE_USER_SCRIPT_SANDBOXING = YES;
				GCC_C_LANGUAGE_STANDARD = gnu17;
				GCC_DYNAMIC_NO_PIC = NO;
				GCC_NO_COMMON_BLOCKS = YES;
				GCC_OPTIMIZATION_LEVEL = 0;
				GCC_PREPROCESSOR_DEFINITIONS = (
					"DEBUG=1",
					"$(inherited)",
				);
				GCC_WARN_64_TO_32_BIT_CONVERSION = YES;
				GCC_WARN_ABOUT_RETURN_TYPE = YES_ERROR;
				GCC_WARN_UNDECLARED_SELECTOR = YES;
				GCC_WARN_UNINITIALIZED_AUTOS = YES_AGGRESSIVE;
				GCC_WARN_UNUSED_FUNCTION = YES;
				GCC_WARN_UNUSED_VARIABLE = YES;
				IPHONEOS_DEPLOYMENT_TARGET = 18.5;
				LOCALIZATION_PREFERS_STRING_CATALOGS = YES;
				MTL_ENABLE_DEBUG_INFO = INCLUDE_SOURCE;
				MTL_FAST_MATH = YES;
				ONLY_ACTIVE_ARCH = YES;
				SDKROOT = iphoneos;
				SWIFT_ACTIVE_COMPILATION_CONDITIONS = "DEBUG $(inherited)";
				SWIFT_OPTIMIZATION_LEVEL = "-Onone";
			};
			name = Debug;
		};
		374DDA042E4F7425004BA0CA /* Release */ = {
			isa = XCBuildConfiguration;
			buildSettings = {
				ALWAYS_SEARCH_USER_PATHS = NO;
				ASSETCATALOG_COMPILER_GENERATE_SWIFT_ASSET_SYMBOL_EXTENSIONS = YES;
				CLANG_ANALYZER_NONNULL = YES;
				CLANG_ANALYZER_NUMBER_OBJECT_CONVERSION = YES_AGGRESSIVE;
				CLANG_CXX_LANGUAGE_STANDARD = "gnu++20";
				CLANG_ENABLE_MODULES = YES;
				CLANG_ENABLE_OBJC_ARC = YES;
				CLANG_ENABLE_OBJC_WEAK = YES;
				CLANG_WARN_BLOCK_CAPTURE_AUTORELEASING = YES;
				CLANG_WARN_BOOL_CONVERSION = YES;
				CLANG_WARN_COMMA = YES;
				CLANG_WARN_CONSTANT_CONVERSION = YES;
				CLANG_WARN_DEPRECATED_OBJC_IMPLEMENTATIONS = YES;
				CLANG_WARN_DIRECT_OBJC_ISA_USAGE = YES_ERROR;
				CLANG_WARN_DOCUMENTATION_COMMENTS = YES;
				CLANG_WARN_EMPTY_BODY = YES;
				CLANG_WARN_ENUM_CONVERSION = YES;
				CLANG_WARN_INFINITE_RECURSION = YES;
				CLANG_WARN_INT_CONVERSION = YES;
				CLANG_WARN_NON_LITERAL_NULL_CONVERSION = YES;
				CLANG_WARN_OBJC_IMPLICIT_RETAIN_SELF = YES;
				CLANG_WARN_OBJC_LITERAL_CONVERSION = YES;
				CLANG_WARN_OBJC_ROOT_CLASS = YES_ERROR;
				CLANG_WARN_QUOTED_INCLUDE_IN_FRAMEWORK_HEADER = YES;
				CLANG_WARN_RANGE_LOOP_ANALYSIS = YES;
				CLANG_WARN_STRICT_PROTOTYPES = YES;
				CLANG_WARN_SUSPICIOUS_MOVE = YES;
				CLANG_WARN_UNGUARDED_AVAILABILITY = YES_AGGRESSIVE;
				CLANG_WARN_UNREACHABLE_CODE = YES;
				CLANG_WARN__DUPLICATE_METHOD_MATCH = YES;
				COPY_PHASE_STRIP = NO;
				DEBUG_INFORMATION_FORMAT = "dwarf-with-dsym";
				ENABLE_NS_ASSERTIONS = NO;
				ENABLE_STRICT_OBJC_MSGSEND = YES;
				ENABLE_USER_SCRIPT_SANDBOXING = YES;
				GCC_C_LANGUAGE_STANDARD = gnu17;
				GCC_NO_COMMON_BLOCKS = YES;
				GCC_WARN_64_TO_32_BIT_CONVERSION = YES;
				GCC_WARN_ABOUT_RETURN_TYPE = YES_ERROR;
				GCC_WARN_UNDECLARED_SELECTOR = YES;
				GCC_WARN_UNINITIALIZED_AUTOS = YES_AGGRESSIVE;
				GCC_WARN_UNUSED_FUNCTION = YES;
				GCC_WARN_UNUSED_VARIABLE = YES;
				IPHONEOS_DEPLOYMENT_TARGET = 18.5;
				LOCALIZATION_PREFERS_STRING_CATALOGS = YES;
				MTL_ENABLE_DEBUG_INFO = NO;
				MTL_FAST_MATH = YES;
				SDKROOT = iphoneos;
				SWIFT_COMPILATION_MODE = wholemodule;
				VALIDATE_PRODUCT = YES;
			};
			name = Release;
		};
		374DDA062E4F7425004BA0CA /* Debug */ = {
			isa = XCBuildConfiguration;
			buildSettings = {
				ASSETCATALOG_COMPILER_APPICON_NAME = AppIcon;
				ASSETCATALOG_COMPILER_GLOBAL_ACCENT_COLOR_NAME = AccentColor;
				CODE_SIGN_STYLE = Automatic;
				CURRENT_PROJECT_VERSION = 1;
				ENABLE_PREVIEWS = YES;
				GENERATE_INFOPLIST_FILE = YES;
				INFOPLIST_KEY_UIApplicationSceneManifest_Generation = YES;
				INFOPLIST_KEY_UIApplicationSupportsIndirectInputEvents = YES;
				INFOPLIST_KEY_UILaunchScreen_Generation = YES;
				INFOPLIST_KEY_UISupportedInterfaceOrientations_iPad = "UIInterfaceOrientationPortrait UIInterfaceOrientationPortraitUpsideDown UIInterfaceOrientationLandscapeLeft UIInterfaceOrientationLandscapeRight";
				INFOPLIST_KEY_UISupportedInterfaceOrientations_iPhone = "UIInterfaceOrientationPortrait UIInterfaceOrientationLandscapeLeft UIInterfaceOrientationLandscapeRight";
				LD_RUNPATH_SEARCH_PATHS = (
					"$(inherited)",
					"@executable_path/Frameworks",
				);
				MARKETING_VERSION = 1.0;
				PRODUCT_BUNDLE_IDENTIFIER = org.mainlinestem.remoteApp;
				PRODUCT_NAME = "$(TARGET_NAME)";
				SWIFT_EMIT_LOC_STRINGS = YES;
				SWIFT_VERSION = 5.0;
				TARGETED_DEVICE_FAMILY = "1,2";
			};
			name = Debug;
		};
		374DDA072E4F7425004BA0CA /* Release */ = {
			isa = XCBuildConfiguration;
			buildSettings = {
				ASSETCATALOG_COMPILER_APPICON_NAME = AppIcon;
				ASSETCATALOG_COMPILER_GLOBAL_ACCENT_COLOR_NAME = AccentColor;
				CODE_SIGN_STYLE = Automatic;
				CURRENT_PROJECT_VERSION = 1;
				ENABLE_PREVIEWS = YES;
				GENERATE_INFOPLIST_FILE = YES;
				INFOPLIST_KEY_UIApplicationSceneManifest_Generation = YES;
				INFOPLIST_KEY_UIApplicationSupportsIndirectInputEvents = YES;
				INFOPLIST_KEY_UILaunchScreen_Generation = YES;
				INFOPLIST_KEY_UISupportedInterfaceOrientations_iPad = "UIInterfaceOrientationPortrait UIInterfaceOrientationPortraitUpsideDown UIInterfaceOrientationLandscapeLeft UIInterfaceOrientationLandscapeRight";
				INFOPLIST_KEY_UISupportedInterfaceOrientations_iPhone = "UIInterfaceOrientationPortrait UIInterfaceOrientationLandscapeLeft UIInterfaceOrientationLandscapeRight";
				LD_RUNPATH_SEARCH_PATHS = (
					"$(inherited)",
					"@executable_path/Frameworks",
				);
				MARKETING_VERSION = 1.0;
				PRODUCT_BUNDLE_IDENTIFIER = org.mainlinestem.remoteApp;
				PRODUCT_NAME = "$(TARGET_NAME)";
				SWIFT_EMIT_LOC_STRINGS = YES;
				SWIFT_VERSION = 5.0;
				TARGETED_DEVICE_FAMILY = "1,2";
			};
			name = Release;
		};
		374DDA092E4F7425004BA0CA /* Debug */ = {
			isa = XCBuildConfiguration;
			buildSettings = {
				BUNDLE_LOADER = "$(TEST_HOST)";
				CODE_SIGN_STYLE = Automatic;
				CURRENT_PROJECT_VERSION = 1;
				GENERATE_INFOPLIST_FILE = YES;
				IPHONEOS_DEPLOYMENT_TARGET = 18.5;
				MARKETING_VERSION = 1.0;
				PRODUCT_BUNDLE_IDENTIFIER = org.mainlinestem.remoteAppTests;
				PRODUCT_NAME = "$(TARGET_NAME)";
				SWIFT_EMIT_LOC_STRINGS = NO;
				SWIFT_VERSION = 5.0;
				TARGETED_DEVICE_FAMILY = "1,2";
				TEST_HOST = "$(BUILT_PRODUCTS_DIR)/remoteApp.app/$(BUNDLE_EXECUTABLE_FOLDER_PATH)/remoteApp";
			};
			name = Debug;
		};
		374DDA0A2E4F7425004BA0CA /* Release */ = {
			isa = XCBuildConfiguration;
			buildSettings = {
				BUNDLE_LOADER = "$(TEST_HOST)";
				CODE_SIGN_STYLE = Automatic;
				CURRENT_PROJECT_VERSION = 1;
				GENERATE_INFOPLIST_FILE = YES;
				IPHONEOS_DEPLOYMENT_TARGET = 18.5;
				MARKETING_VERSION = 1.0;
				PRODUCT_BUNDLE_IDENTIFIER = org.mainlinestem.remoteAppTests;
				PRODUCT_NAME = "$(TARGET_NAME)";
				SWIFT_EMIT_LOC_STRINGS = NO;
				SWIFT_VERSION = 5.0;
				TARGETED_DEVICE_FAMILY = "1,2";
				TEST_HOST = "$(BUILT_PRODUCTS_DIR)/remoteApp.app/$(BUNDLE_EXECUTABLE_FOLDER_PATH)/remoteApp";
			};
			name = Release;
		};
		374DDA0C2E4F7425004BA0CA /* Debug */ = {
			isa = XCBuildConfiguration;
			buildSettings = {
				CODE_SIGN_STYLE = Automatic;
				CURRENT_PROJECT_VERSION = 1;
				GENERATE_INFOPLIST_FILE = YES;
				MARKETING_VERSION = 1.0;
				PRODUCT_BUNDLE_IDENTIFIER = org.mainlinestem.remoteAppUITests;
				PRODUCT_NAME = "$(TARGET_NAME)";
				SWIFT_EMIT_LOC_STRINGS = NO;
				SWIFT_VERSION = 5.0;
				TARGETED_DEVICE_FAMILY = "1,2";
				TEST_TARGET_NAME = remoteApp;
			};
			name = Debug;
		};
		374DDA0D2E4F7425004BA0CA /* Release */ = {
			isa = XCBuildConfiguration;
			buildSettings = {
				CODE_SIGN_STYLE = Automatic;
				CURRENT_PROJECT_VERSION = 1;
				GENERATE_INFOPLIST_FILE = YES;
				MARKETING_VERSION = 1.0;
				PRODUCT_BUNDLE_IDENTIFIER = org.mainlinestem.remoteAppUITests;
				PRODUCT_NAME = "$(TARGET_NAME)";
				SWIFT_EMIT_LOC_STRINGS = NO;
				SWIFT_VERSION = 5.0;
				TARGETED_DEVICE_FAMILY = "1,2";
				TEST_TARGET_NAME = remoteApp;
			};
			name = Release;
		};
/* End XCBuildConfiguration section */

/* Begin XCConfigurationList section */
		374DD9DF2E4F7423004BA0CA /* Build configuration list for PBXProject "remoteApp" */ = {
			isa = XCConfigurationList;
			buildConfigurations = (
				374DDA032E4F7425004BA0CA /* Debug */,
				374DDA042E4F7425004BA0CA /* Release */,
			);
			defaultConfigurationIsVisible = 0;
			defaultConfigurationName = Release;
		};
		374DDA052E4F7425004BA0CA /* Build configuration list for PBXNativeTarget "remoteApp" */ = {
			isa = XCConfigurationList;
			buildConfigurations = (
				374DDA062E4F7425004BA0CA /* Debug */,
				374DDA072E4F7425004BA0CA /* Release */,
			);
			defaultConfigurationIsVisible = 0;
			defaultConfigurationName = Release;
		};
		374DDA082E4F7425004BA0CA /* Build configuration list for PBXNativeTarget "remoteAppTests" */ = {
			isa = XCConfigurationList;
			buildConfigurations = (
				374DDA092E4F7425004BA0CA /* Debug */,
				374DDA0A2E4F7425004BA0CA /* Release */,
			);
			defaultConfigurationIsVisible = 0;
			defaultConfigurationName = Release;
		};
		374DDA0B2E4F7425004BA0CA /* Build configuration list for PBXNativeTarget "remoteAppUITests" */ = {
			isa = XCConfigurationList;
			buildConfigurations = (
				374DDA0C2E4F7425004BA0CA /* Debug */,
				374DDA0D2E4F7425004BA0CA /* Release */,
			);
			defaultConfigurationIsVisible = 0;
			defaultConfigurationName = Release;
		};
/* End XCConfigurationList section */
	};
	rootObject = 374DD9DC2E4F7423004BA0CA /* Project object */;
}
